github.com/davecgh/go-spew v1.1.0/go.mod h1:J7Y8YcW2NihsgmVo/mv3lAwl/skON4iLHjSsI+c5H38=
github.com/davecgh/go-spew v1.1.1 h1:vj9j/u1bqnvCEfJOwUhtlOARqs3+rkHYY13jYWTU97c=
github.com/davecgh/go-spew v1.1.1/go.mod h1:J7Y8YcW2NihsgmVo/mv3lAwl/skON4iLHjSsI+c5H38=
github.com/gorilla/context v1.1.1 h1:AWwleXJkX/nhcU9bZSnZoi3h/qGYqQAGhq6zZe/aQW8=
github.com/gorilla/context v1.1.1/go.mod h1:kBGZzfjB9CEq2AlWe17Uuf7NDRt0dE0s8S51q0aT7Yg=
github.com/gorilla/mux v1.4.0 h1:N6R8isjoRv7IcVVlf0cTBbo0UDc9V6ZXWEm0HQoQmLo=
github.com/gorilla/mux v1.4.0/go.mod h1:1lud6UwP+6orDFRuTfBEV8e9/aOM/c4fVVCaMa2zaAs=
github.com/gorilla/websocket v0.0.0-20150515162638-1551221275a7 h1:eBy59eVFUXrdV3OIfS3/2Ic73/+bNys8CJe+uqQ+syU=
github.com/gorilla/websocket v0.0.0-20150515162638-1551221275a7/go.mod h1:E7qHFY5m1UJ88s3WnNqhKjPHQ0heANvMoAMk2YaljkQ=
github.com/openfaas/faas v0.0.0-20190404080517-fa93655d90d1 h1:IKRf+/XAJXPNlggSak2hm6+tSRPXkh5gZ9hI1mtpg8Q=
github.com/openfaas/faas v0.0.0-20190404080517-fa93655d90d1/go.mod h1:E0m2rLup0Vvxg53BKxGgaYAGcZa3Xl+vvL7vSi5yQ14=
github.com/openfaas/faas-provider v0.0.0-20190502232355-6a76a052deb1 h1:9gfp6DzD6HwVI2poTvbRW2qpBA3HqP8h4rpRF+0Rrg8=
github.com/openfaas/faas-provider v0.0.0-20190502232355-6a76a052deb1/go.mod h1:W4OIp33RUOpR7wW+omJB/7GhIydRmYXvKf/VqUKI4yM=
github.com/pkg/errors v0.0.0-20160724024327-1d2e60385a13 h1:e6/SXVo0ZdbgygEbdoVv5hxPVC1Bwdy5ml0vGZwQxqg=
github.com/pkg/errors v0.0.0-20160724024327-1d2e60385a13/go.mod h1:bwawxfHBFNV+L2hUp1rHADufV3IMtnDRdf1r5NINEl0=
github.com/pmezard/go-difflib v1.0.0 h1:4DBwDE0NGyQoBHbLQYPwSUPoCMWR5BEzIk/f1lZbAQM=
github.com/pmezard/go-difflib v1.0.0/go.mod h1:iKH77koFhYxTK1pcRnkKkqfTogsbg7gZNVY4sRDYZ/4=
github.com/rancher/go-rancher v0.0.0-20170915171953-821d581e449e h1:JobzOtWCCAYgQK++IFtteqItiAuadBK93h+TqGrSD34=
github.com/rancher/go-rancher v0.0.0-20170915171953-821d581e449e/go.mod h1:7oQvGNiJsGvrUgB+7AH8bmdzuR0uhULfwKb43Ht0hUk=
github.com/stretchr/objx v0.1.0/go.mod h1:HFkY916IF+rwdDfMAkV7OtwuqBVzrE8GR6GFx+wExME=
github.com/stretchr/objx v0.2.0 h1:Hbg2NidpLE8veEBkEZTL3CvlkUIVzuU9jDplZO54c48=
github.com/stretchr/objx v0.2.0/go.mod h1:qt09Ya8vawLte6SNmTgCsAVtYtaKzEcn8ATUoHMkEqE=
github.com/stretchr/testify v1.3.0 h1:TivCn/peBQ7UY8ooIcPgZFpTNSz0Q2U6UrFlUfqbe0Q=
github.com/stretchr/testify v1.3.0/go.mod h1:M5WIy9Dh21IEIfnGCwXGc5bZfKNJtfHm1UVUgZn+9EI=
